
Microsoft Visual Studio Solution File, Format Version 12.00
# Visual Studio Version 16
VisualStudioVersion = 16.0.31729.503
MinimumVisualStudioVersion = 10.0.40219.1
Project("{FAE04EC0-301F-11D3-BF4B-00C04F79EFBC}") = "task4", "task4\task4.csproj", "{92768589-B443-4E04-B507-BE81007247DF}"
EndProject
Global
	GlobalSection(SolutionConfigurationPlatforms) = preSolution
		Debug|Any CPU = Debug|Any CPU
		Release|Any CPU = Release|Any CPU
	EndGlobalSection
	GlobalSection(ProjectConfigurationPlatforms) = postSolution
		{92768589-B443-4E04-B507-BE81007247DF}.Debug|Any CPU.ActiveCfg = Debug|Any CPU
		{92768589-B443-4E04-B507-BE81007247DF}.Debug|Any CPU.Build.0 = Debug|Any CPU
		{92768589-B443-4E04-B507-BE81007247DF}.Release|Any CPU.ActiveCfg = Release|Any CPU
		{92768589-B443-4E04-B507-BE81007247DF}.Release|Any CPU.Build.0 = Release|Any CPU
	EndGlobalSection
	GlobalSection(SolutionProperties) = preSolution
		HideSolutionNode = FALSE
	EndGlobalSection
	GlobalSection(ExtensibilityGlobals) = postSolution
		SolutionGuid = {59F8A79D-9250-4E13-9789-1D50800C2E63}
	EndGlobalSection
EndGlobal
